{
  "name": "@apelabs/conrad",
  "version": "0.0.0",
  "lockfileVersion": 1,
  "requires": true,
  "dependencies": {
    "dotenv": {
      "version": "6.0.0",
      "resolved": "https://artifactory.int.openbet.com/artifactory/api/npm/all-npm/dotenv/-/dotenv-6.0.0.tgz",
      "integrity": "sha1-JON8BBdBxfSyUySVjrvDS8qWWTU="
    }
  }
}
